<?xml version="1.0" encoding="utf-8"?>
<Project ToolsVersion="4.0" xmlns="http://schemas.microsoft.com/developer/msbuild/2003">
  <ItemGroup>
    <Filter Include="Source Files">
      <UniqueIdentifier>{e3cb2e6b-1fce-48ac-a4c7-034eadfd1e58}</UniqueIdentifier>
    </Filter>
  </ItemGroup>
  <ItemGroup>
    <ClCompile Include="..\Modules\_hashopenssl.c">
      <Filter>Source Files</Filter>
    </ClCompile>
  </ItemGroup>
</Project>