<?xml version="1.0" encoding="utf-8"?>
<Project ToolsVersion="4.0" xmlns="http://schemas.microsoft.com/developer/msbuild/2003">
  <ItemGroup>
    <Filter Include="Source Files">
      <UniqueIdentifier>{bd6b3278-b11e-4e53-bd8e-42b5a263a30e}</UniqueIdentifier>
    </Filter>
  </ItemGroup>
  <ItemGroup>
    <ClCompile Include="..\PC\_msi.c">
      <Filter>Source Files</Filter>
    </ClCompile>
  </ItemGroup>
</Project>