<?xml version="1.0" encoding="utf-8"?>
<Project ToolsVersion="4.0" xmlns="http://schemas.microsoft.com/developer/msbuild/2003">
  <ItemGroup>
    <Filter Include="Source Files">
      <UniqueIdentifier>{5ed6a9f5-ac9c-4ffe-b2a2-8f5ba986fd53}</UniqueIdentifier>
    </Filter>
  </ItemGroup>
  <ItemGroup>
    <ClCompile Include="..\PC\w9xpopen.c">
      <Filter>Source Files</Filter>
    </ClCompile>
  </ItemGroup>
</Project>